
Microsoft Visual Studio Solution File, Format Version 12.00
# Visual Studio Version 16
VisualStudioVersion = 16.0.30717.126
MinimumVisualStudioVersion = 10.0.40219.1
Project("{FAE04EC0-301F-11D3-BF4B-00C04F79EFBC}") = "Gissa tal FormsApp", "Gissa tal FormsApp\Gissa tal FormsApp.csproj", "{733E8EDA-A74D-4BAD-8130-9AD8865E9398}"
EndProject
Global
	GlobalSection(SolutionConfigurationPlatforms) = preSolution
		Debug|Any CPU = Debug|Any CPU
		Release|Any CPU = Release|Any CPU
	EndGlobalSection
	GlobalSection(ProjectConfigurationPlatforms) = postSolution
		{733E8EDA-A74D-4BAD-8130-9AD8865E9398}.Debug|Any CPU.ActiveCfg = Debug|Any CPU
		{733E8EDA-A74D-4BAD-8130-9AD8865E9398}.Debug|Any CPU.Build.0 = Debug|Any CPU
		{733E8EDA-A74D-4BAD-8130-9AD8865E9398}.Release|Any CPU.ActiveCfg = Release|Any CPU
		{733E8EDA-A74D-4BAD-8130-9AD8865E9398}.Release|Any CPU.Build.0 = Release|Any CPU
	EndGlobalSection
	GlobalSection(SolutionProperties) = preSolution
		HideSolutionNode = FALSE
	EndGlobalSection
	GlobalSection(ExtensibilityGlobals) = postSolution
		SolutionGuid = {8BBE323D-6F41-4F2C-9E9E-B466BE46F2E6}
	EndGlobalSection
EndGlobal
